
Microsoft Visual Studio Solution File, Format Version 12.00
# Visual Studio 15
VisualStudioVersion = 15.0.26730.16
MinimumVisualStudioVersion = 10.0.40219.1
Project("{FAE04EC0-301F-11D3-BF4B-00C04F79EFBC}") = "QuickNote--", "_testHOOK\QuickNote--.csproj", "{AD209D69-B9A3-492E-A367-930028DCD6DE}"
EndProject
Global
	GlobalSection(SolutionConfigurationPlatforms) = preSolution
		Debug|Any CPU = Debug|Any CPU
		Release|Any CPU = Release|Any CPU
	EndGlobalSection
	GlobalSection(ProjectConfigurationPlatforms) = postSolution
		{AD209D69-B9A3-492E-A367-930028DCD6DE}.Debug|Any CPU.ActiveCfg = Debug|Any CPU
		{AD209D69-B9A3-492E-A367-930028DCD6DE}.Debug|Any CPU.Build.0 = Debug|Any CPU
		{AD209D69-B9A3-492E-A367-930028DCD6DE}.Release|Any CPU.ActiveCfg = Release|Any CPU
		{AD209D69-B9A3-492E-A367-930028DCD6DE}.Release|Any CPU.Build.0 = Release|Any CPU
	EndGlobalSection
	GlobalSection(SolutionProperties) = preSolution
		HideSolutionNode = FALSE
	EndGlobalSection
	GlobalSection(ExtensibilityGlobals) = postSolution
		SolutionGuid = {AA64BE3E-B929-459E-BE2A-367A30A4C84B}
	EndGlobalSection
EndGlobal
